Microsoft Visual Studio Solution File, Format Version 11.00
# Visual Studio 2008

Project("{3CB3FCA9-B0FD-4919-5E79-454F78E2334B}") = "First VR project", "Assembly-CSharp.csproj", "{65938DBE-B978-45B8-4860-96E4DAE61D70}"
EndProject
Global
	GlobalSection(SolutionConfigurationPlatforms) = preSolution
		Debug|Any CPU = Debug|Any CPU
		Release|Any CPU = Release|Any CPU
	EndGlobalSection
	GlobalSection(ProjectConfigurationPlatforms) = postSolution
		{65938DBE-B978-45B8-4860-96E4DAE61D70}.Debug|Any CPU.ActiveCfg = Debug|Any CPU
		{65938DBE-B978-45B8-4860-96E4DAE61D70}.Debug|Any CPU.Build.0 = Debug|Any CPU
		{65938DBE-B978-45B8-4860-96E4DAE61D70}.Release|Any CPU.ActiveCfg = Release|Any CPU
		{65938DBE-B978-45B8-4860-96E4DAE61D70}.Release|Any CPU.Build.0 = Release|Any CPU
	EndGlobalSection
	GlobalSection(SolutionProperties) = preSolution
		HideSolutionNode = FALSE
	EndGlobalSection
	GlobalSection(MonoDevelopProperties) = preSolution
		StartupItem = Assembly-CSharp.csproj
	EndGlobalSection
EndGlobal
